// !$*UTF8*$!
{
	archiveVersion = 1;
	classes = {
	};
	objectVersion = 50;
	objects = {

/* Begin PBXBuildFile section */
		0E06741F231B756F00E92C74 /* Notification.swift in Sources */ = {isa = PBXBuildFile; fileRef = 0E06741E231B756F00E92C74 /* Notification.swift */; };
		0E06D0F8231CBCCE00C215C2 /* BezierButton.swift in Sources */ = {isa = PBXBuildFile; fileRef = 0E06D0F1231CBCCE00C215C2 /* BezierButton.swift */; };
		0E06D0F9231CBCCE00C215C2 /* CircleLabel.swift in Sources */ = {isa = PBXBuildFile; fileRef = 0E06D0F2231CBCCE00C215C2 /* CircleLabel.swift */; };
		0E06D0FA231CBCCE00C215C2 /* CircleButton.swift in Sources */ = {isa = PBXBuildFile; fileRef = 0E06D0F3231CBCCE00C215C2 /* CircleButton.swift */; };
		0E06D0FB231CBCCE00C215C2 /* PaddingLabel.swift in Sources */ = {isa = PBXBuildFile; fileRef = 0E06D0F4231CBCCE00C215C2 /* PaddingLabel.swift */; };
		0E06D0FC231CBCCE00C215C2 /* CircleTextField.swift in Sources */ = {isa = PBXBuildFile; fileRef = 0E06D0F5231CBCCE00C215C2 /* CircleTextField.swift */; };
		0E06D0FD231CBCCE00C215C2 /* CircleView.swift in Sources */ = {isa = PBXBuildFile; fileRef = 0E06D0F6231CBCCE00C215C2 /* CircleView.swift */; };
		0E06D0FE231CBCCE00C215C2 /* CircleImageView.swift in Sources */ = {isa = PBXBuildFile; fileRef = 0E06D0F7231CBCCE00C215C2 /* CircleImageView.swift */; };
		0E0761E322FFBE7000690313 /* BaseModel.swift in Sources */ = {isa = PBXBuildFile; fileRef = 0E0761E222FFBE7000690313 /* BaseModel.swift */; };
		0E0761E522FFCD3C00690313 /* UIView+MBProgressHUD.swift in Sources */ = {isa = PBXBuildFile; fileRef = 0E0761E422FFCD3C00690313 /* UIView+MBProgressHUD.swift */; };
		0E0761E722FFCEAF00690313 /* MBProgressHUD.swift in Sources */ = {isa = PBXBuildFile; fileRef = 0E0761E622FFCEAF00690313 /* MBProgressHUD.swift */; };
		0E0761E922FFD36D00690313 /* BaseMappable.swift in Sources */ = {isa = PBXBuildFile; fileRef = 0E0761E822FFD36D00690313 /* BaseMappable.swift */; };
		0E0BB091231115760088B255 /* CacheManager.swift in Sources */ = {isa = PBXBuildFile; fileRef = 0E0BB090231115760088B255 /* CacheManager.swift */; };
		0E0BB09323111D970088B255 /* NSObject+Runtime.swift in Sources */ = {isa = PBXBuildFile; fileRef = 0E0BB09223111D970088B255 /* NSObject+Runtime.swift */; };
		0E0FC27E22FEDB6600927B47 /* AppDelegate.swift in Sources */ = {isa = PBXBuildFile; fileRef = 0E0FC27D22FEDB6600927B47 /* AppDelegate.swift */; };
		0E0FC28022FEDB6600927B47 /* ViewController.swift in Sources */ = {isa = PBXBuildFile; fileRef = 0E0FC27F22FEDB6600927B47 /* ViewController.swift */; };
		0E0FC28322FEDB6600927B47 /* Main.storyboard in Resources */ = {isa = PBXBuildFile; fileRef = 0E0FC28122FEDB6600927B47 /* Main.storyboard */; };
		0E0FC28522FEDB6D00927B47 /* Assets.xcassets in Resources */ = {isa = PBXBuildFile; fileRef = 0E0FC28422FEDB6D00927B47 /* Assets.xcassets */; };
		0E0FC28822FEDB6D00927B47 /* LaunchScreen.storyboard in Resources */ = {isa = PBXBuildFile; fileRef = 0E0FC28622FEDB6D00927B47 /* LaunchScreen.storyboard */; };
		0E0FC29722FEDCC700927B47 /* URLs.swift in Sources */ = {isa = PBXBuildFile; fileRef = 0E0FC29622FEDCC700927B47 /* URLs.swift */; };
		0E0FC29922FEDD9000927B47 /* Const.swift in Sources */ = {isa = PBXBuildFile; fileRef = 0E0FC29822FEDD9000927B47 /* Const.swift */; };
		0E0FC29B22FEDDFE00927B47 /* Party3.swift in Sources */ = {isa = PBXBuildFile; fileRef = 0E0FC29A22FEDDFE00927B47 /* Party3.swift */; };
		0E0FC29D22FEDE8600927B47 /* String.swift in Sources */ = {isa = PBXBuildFile; fileRef = 0E0FC29C22FEDE8600927B47 /* String.swift */; };
		0E0FC29F22FEE05E00927B47 /* UIColor.swift in Sources */ = {isa = PBXBuildFile; fileRef = 0E0FC29E22FEE05E00927B47 /* UIColor.swift */; };
		0E0FC2A122FEE24C00927B47 /* UIStoryboard.swift in Sources */ = {isa = PBXBuildFile; fileRef = 0E0FC2A022FEE24C00927B47 /* UIStoryboard.swift */; };
		0E0FC2A322FEE32800927B47 /* UITableView.swift in Sources */ = {isa = PBXBuildFile; fileRef = 0E0FC2A222FEE32800927B47 /* UITableView.swift */; };
		0E0FC2A522FEF5AC00927B47 /* UIView+Nib.swift in Sources */ = {isa = PBXBuildFile; fileRef = 0E0FC2A422FEF5AC00927B47 /* UIView+Nib.swift */; };
		0E0FC2A722FEF65200927B47 /* SessionManager.swift in Sources */ = {isa = PBXBuildFile; fileRef = 0E0FC2A622FEF65200927B47 /* SessionManager.swift */; };
		0E0FC2A922FEF6BE00927B47 /* EnvManager.swift in Sources */ = {isa = PBXBuildFile; fileRef = 0E0FC2A822FEF6BE00927B47 /* EnvManager.swift */; };
		0E0FC2AB22FEF88D00927B47 /* AppDelegate+PushService.swift in Sources */ = {isa = PBXBuildFile; fileRef = 0E0FC2AA22FEF88D00927B47 /* AppDelegate+PushService.swift */; };
		0E0FC2AE22FEFA0300927B47 /* TabBarController.swift in Sources */ = {isa = PBXBuildFile; fileRef = 0E0FC2AD22FEFA0200927B47 /* TabBarController.swift */; };
		0E0FC2B022FEFA2F00927B47 /* NavigationController.swift in Sources */ = {isa = PBXBuildFile; fileRef = 0E0FC2AF22FEFA2F00927B47 /* NavigationController.swift */; };
		0E0FC2B822FEFACA00927B47 /* HomeViewController.swift in Sources */ = {isa = PBXBuildFile; fileRef = 0E0FC2B722FEFACA00927B47 /* HomeViewController.swift */; };
		0E0FC2BA22FEFAD700927B47 /* HomeView.swift in Sources */ = {isa = PBXBuildFile; fileRef = 0E0FC2B922FEFAD700927B47 /* HomeView.swift */; };
		0E0FC2BC22FEFAE700927B47 /* HomeModel.swift in Sources */ = {isa = PBXBuildFile; fileRef = 0E0FC2BB22FEFAE700927B47 /* HomeModel.swift */; };
		0E0FC2BE22FEFAF700927B47 /* HomeViewModel.swift in Sources */ = {isa = PBXBuildFile; fileRef = 0E0FC2BD22FEFAF700927B47 /* HomeViewModel.swift */; };
		F43AE17DBF8DE6108C784038 /* Pods_FrameworkApp.framework in Frameworks */ = {isa = PBXBuildFile; fileRef = DB1A5A87684D4DEFA5AE75B7 /* Pods_FrameworkApp.framework */; };
/* End PBXBuildFile section */

/* Begin PBXFileReference section */
		0E06741E231B756F00E92C74 /* Notification.swift */ = {isa = PBXFileReference; lastKnownFileType = sourcecode.swift; path = Notification.swift; sourceTree = "<group>"; };
		0E06D0F1231CBCCE00C215C2 /* BezierButton.swift */ = {isa = PBXFileReference; fileEncoding = 4; lastKnownFileType = sourcecode.swift; path = BezierButton.swift; sourceTree = "<group>"; };
		0E06D0F2231CBCCE00C215C2 /* CircleLabel.swift */ = {isa = PBXFileReference; fileEncoding = 4; lastKnownFileType = sourcecode.swift; path = CircleLabel.swift; sourceTree = "<group>"; };
		0E06D0F3231CBCCE00C215C2 /* CircleButton.swift */ = {isa = PBXFileReference; fileEncoding = 4; lastKnownFileType = sourcecode.swift; path = CircleButton.swift; sourceTree = "<group>"; };
		0E06D0F4231CBCCE00C215C2 /* PaddingLabel.swift */ = {isa = PBXFileReference; fileEncoding = 4; lastKnownFileType = sourcecode.swift; path = PaddingLabel.swift; sourceTree = "<group>"; };
		0E06D0F5231CBCCE00C215C2 /* CircleTextField.swift */ = {isa = PBXFileReference; fileEncoding = 4; lastKnownFileType = sourcecode.swift; path = CircleTextField.swift; sourceTree = "<group>"; };
		0E06D0F6231CBCCE00C215C2 /* CircleView.swift */ = {isa = PBXFileReference; fileEncoding = 4; lastKnownFileType = sourcecode.swift; path = CircleView.swift; sourceTree = "<group>"; };
		0E06D0F7231CBCCE00C215C2 /* CircleImageView.swift */ = {isa = PBXFileReference; fileEncoding = 4; lastKnownFileType = sourcecode.swift; path = CircleImageView.swift; sourceTree = "<group>"; };
		0E0761E222FFBE7000690313 /* BaseModel.swift */ = {isa = PBXFileReference; lastKnownFileType = sourcecode.swift; path = BaseModel.swift; sourceTree = "<group>"; };
		0E0761E422FFCD3C00690313 /* UIView+MBProgressHUD.swift */ = {isa = PBXFileReference; lastKnownFileType = sourcecode.swift; path = "UIView+MBProgressHUD.swift"; sourceTree = "<group>"; };
		0E0761E622FFCEAF00690313 /* MBProgressHUD.swift */ = {isa = PBXFileReference; lastKnownFileType = sourcecode.swift; path = MBProgressHUD.swift; sourceTree = "<group>"; };
		0E0761E822FFD36D00690313 /* BaseMappable.swift */ = {isa = PBXFileReference; lastKnownFileType = sourcecode.swift; path = BaseMappable.swift; sourceTree = "<group>"; };
		0E0BB090231115760088B255 /* CacheManager.swift */ = {isa = PBXFileReference; lastKnownFileType = sourcecode.swift; path = CacheManager.swift; sourceTree = "<group>"; };
		0E0BB09223111D970088B255 /* NSObject+Runtime.swift */ = {isa = PBXFileReference; lastKnownFileType = sourcecode.swift; path = "NSObject+Runtime.swift"; sourceTree = "<group>"; };
		0E0FC27A22FEDB6600927B47 /* FrameworkApp.app */ = {isa = PBXFileReference; explicitFileType = wrapper.application; includeInIndex = 0; path = FrameworkApp.app; sourceTree = BUILT_PRODUCTS_DIR; };
		0E0FC27D22FEDB6600927B47 /* AppDelegate.swift */ = {isa = PBXFileReference; lastKnownFileType = sourcecode.swift; path = AppDelegate.swift; sourceTree = "<group>"; };
		0E0FC27F22FEDB6600927B47 /* ViewController.swift */ = {isa = PBXFileReference; lastKnownFileType = sourcecode.swift; path = ViewController.swift; sourceTree = "<group>"; };
		0E0FC28222FEDB6600927B47 /* Base */ = {isa = PBXFileReference; lastKnownFileType = file.storyboard; name = Base; path = Base.lproj/Main.storyboard; sourceTree = "<group>"; };
		0E0FC28422FEDB6D00927B47 /* Assets.xcassets */ = {isa = PBXFileReference; lastKnownFileType = folder.assetcatalog; path = Assets.xcassets; sourceTree = "<group>"; };
		0E0FC28722FEDB6D00927B47 /* Base */ = {isa = PBXFileReference; lastKnownFileType = file.storyboard; name = Base; path = Base.lproj/LaunchScreen.storyboard; sourceTree = "<group>"; };
		0E0FC28922FEDB6D00927B47 /* Info.plist */ = {isa = PBXFileReference; lastKnownFileType = text.plist.xml; path = Info.plist; sourceTree = "<group>"; };
		0E0FC29622FEDCC700927B47 /* URLs.swift */ = {isa = PBXFileReference; lastKnownFileType = sourcecode.swift; path = URLs.swift; sourceTree = "<group>"; };
		0E0FC29822FEDD9000927B47 /* Const.swift */ = {isa = PBXFileReference; lastKnownFileType = sourcecode.swift; path = Const.swift; sourceTree = "<group>"; };
		0E0FC29A22FEDDFE00927B47 /* Party3.swift */ = {isa = PBXFileReference; lastKnownFileType = sourcecode.swift; path = Party3.swift; sourceTree = "<group>"; };
		0E0FC29C22FEDE8600927B47 /* String.swift */ = {isa = PBXFileReference; lastKnownFileType = sourcecode.swift; path = String.swift; sourceTree = "<group>"; };
		0E0FC29E22FEE05E00927B47 /* UIColor.swift */ = {isa = PBXFileReference; lastKnownFileType = sourcecode.swift; path = UIColor.swift; sourceTree = "<group>"; };
		0E0FC2A022FEE24C00927B47 /* UIStoryboard.swift */ = {isa = PBXFileReference; lastKnownFileType = sourcecode.swift; path = UIStoryboard.swift; sourceTree = "<group>"; };
		0E0FC2A222FEE32800927B47 /* UITableView.swift */ = {isa = PBXFileReference; lastKnownFileType = sourcecode.swift; path = UITableView.swift; sourceTree = "<group>"; };
		0E0FC2A422FEF5AC00927B47 /* UIView+Nib.swift */ = {isa = PBXFileReference; lastKnownFileType = sourcecode.swift; path = "UIView+Nib.swift"; sourceTree = "<group>"; };
		0E0FC2A622FEF65200927B47 /* SessionManager.swift */ = {isa = PBXFileReference; lastKnownFileType = sourcecode.swift; path = SessionManager.swift; sourceTree = "<group>"; };
		0E0FC2A822FEF6BE00927B47 /* EnvManager.swift */ = {isa = PBXFileReference; lastKnownFileType = sourcecode.swift; path = EnvManager.swift; sourceTree = "<group>"; };
		0E0FC2AA22FEF88D00927B47 /* AppDelegate+PushService.swift */ = {isa = PBXFileReference; lastKnownFileType = sourcecode.swift; path = "AppDelegate+PushService.swift"; sourceTree = "<group>"; };
		0E0FC2AD22FEFA0200927B47 /* TabBarController.swift */ = {isa = PBXFileReference; lastKnownFileType = sourcecode.swift; path = TabBarController.swift; sourceTree = "<group>"; };
		0E0FC2AF22FEFA2F00927B47 /* NavigationController.swift */ = {isa = PBXFileReference; lastKnownFileType = sourcecode.swift; path = NavigationController.swift; sourceTree = "<group>"; };
		0E0FC2B722FEFACA00927B47 /* HomeViewController.swift */ = {isa = PBXFileReference; lastKnownFileType = sourcecode.swift; path = HomeViewController.swift; sourceTree = "<group>"; };
		0E0FC2B922FEFAD700927B47 /* HomeView.swift */ = {isa = PBXFileReference; lastKnownFileType = sourcecode.swift; path = HomeView.swift; sourceTree = "<group>"; };
		0E0FC2BB22FEFAE700927B47 /* HomeModel.swift */ = {isa = PBXFileReference; lastKnownFileType = sourcecode.swift; path = HomeModel.swift; sourceTree = "<group>"; };
		0E0FC2BD22FEFAF700927B47 /* HomeViewModel.swift */ = {isa = PBXFileReference; lastKnownFileType = sourcecode.swift; path = HomeViewModel.swift; sourceTree = "<group>"; };
		5B0A98C0DD9B65B129DAFA61 /* Pods-FrameworkApp.release.xcconfig */ = {isa = PBXFileReference; includeInIndex = 1; lastKnownFileType = text.xcconfig; name = "Pods-FrameworkApp.release.xcconfig"; path = "Pods/Target Support Files/Pods-FrameworkApp/Pods-FrameworkApp.release.xcconfig"; sourceTree = "<group>"; };
		AF6EB483A0C294CB40EDA982 /* Pods-FrameworkApp.debug.xcconfig */ = {isa = PBXFileReference; includeInIndex = 1; lastKnownFileType = text.xcconfig; name = "Pods-FrameworkApp.debug.xcconfig"; path = "Pods/Target Support Files/Pods-FrameworkApp/Pods-FrameworkApp.debug.xcconfig"; sourceTree = "<group>"; };
		DB1A5A87684D4DEFA5AE75B7 /* Pods_FrameworkApp.framework */ = {isa = PBXFileReference; explicitFileType = wrapper.framework; includeInIndex = 0; path = Pods_FrameworkApp.framework; sourceTree = BUILT_PRODUCTS_DIR; };
/* End PBXFileReference section */

/* Begin PBXFrameworksBuildPhase section */
		0E0FC27722FEDB6600927B47 /* Frameworks */ = {
			isa = PBXFrameworksBuildPhase;
			buildActionMask = 2147483647;
			files = (
				F43AE17DBF8DE6108C784038 /* Pods_FrameworkApp.framework in Frameworks */,
			);
			runOnlyForDeploymentPostprocessing = 0;
		};
/* End PBXFrameworksBuildPhase section */

/* Begin PBXGroup section */
		0E06D0F0231CBCCE00C215C2 /* Circle */ = {
			isa = PBXGroup;
			children = (
				0E06D0F1231CBCCE00C215C2 /* BezierButton.swift */,
				0E06D0F2231CBCCE00C215C2 /* CircleLabel.swift */,
				0E06D0F3231CBCCE00C215C2 /* CircleButton.swift */,
				0E06D0F4231CBCCE00C215C2 /* PaddingLabel.swift */,
				0E06D0F5231CBCCE00C215C2 /* CircleTextField.swift */,
				0E06D0F6231CBCCE00C215C2 /* CircleView.swift */,
				0E06D0F7231CBCCE00C215C2 /* CircleImageView.swift */,
			);
			path = Circle;
			sourceTree = "<group>";
		};
		0E0761E122FFBE5300690313 /* Models */ = {
			isa = PBXGroup;
			children = (
				0E0761E222FFBE7000690313 /* BaseModel.swift */,
			);
			path = Models;
			sourceTree = "<group>";
		};
		0E0FC27122FEDB6600927B47 = {
			isa = PBXGroup;
			children = (
				0E0FC27C22FEDB6600927B47 /* FrameworkApp */,
				0E0FC27B22FEDB6600927B47 /* Products */,
				16DCDD6BAAC405DE8EF62CB1 /* Pods */,
				C96B065AC3C4B1111E175B44 /* Frameworks */,
			);
			sourceTree = "<group>";
		};
		0E0FC27B22FEDB6600927B47 /* Products */ = {
			isa = PBXGroup;
			children = (
				0E0FC27A22FEDB6600927B47 /* FrameworkApp.app */,
			);
			name = Products;
			sourceTree = "<group>";
		};
		0E0FC27C22FEDB6600927B47 /* FrameworkApp */ = {
			isa = PBXGroup;
			children = (
				0E0FC2BF22FEFB8D00927B47 /* ThirdParty */,
				0E0FC29122FEDBEA00927B47 /* AppDelegate */,
				0E0FC29522FEDC5000927B47 /* Extensions */,
				0E0FC29422FEDC3800927B47 /* NetWork */,
				0E0FC29322FEDC0C00927B47 /* Consts */,
				0E0FC29222FEDBFB00927B47 /* Utils */,
				0E0FC2AC22FEF97500927B47 /* Base */,
				0E0FC28F22FEDB8300927B47 /* Classes */,
				0E0FC29022FEDBBB00927B47 /* Support */,
			);
			path = FrameworkApp;
			sourceTree = "<group>";
		};
		0E0FC28F22FEDB8300927B47 /* Classes */ = {
			isa = PBXGroup;
			children = (
				0E0FC2B122FEFA9200927B47 /* Home */,
			);
			path = Classes;
			sourceTree = "<group>";
		};
		0E0FC29022FEDBBB00927B47 /* Support */ = {
			isa = PBXGroup;
			children = (
				0E0FC28122FEDB6600927B47 /* Main.storyboard */,
				0E0FC28622FEDB6D00927B47 /* LaunchScreen.storyboard */,
				0E0FC28422FEDB6D00927B47 /* Assets.xcassets */,
				0E0FC28922FEDB6D00927B47 /* Info.plist */,
			);
			path = Support;
			sourceTree = "<group>";
		};
		0E0FC29122FEDBEA00927B47 /* AppDelegate */ = {
			isa = PBXGroup;
			children = (
				0E0FC27D22FEDB6600927B47 /* AppDelegate.swift */,
				0E0FC2AA22FEF88D00927B47 /* AppDelegate+PushService.swift */,
			);
			path = AppDelegate;
			sourceTree = "<group>";
		};
		0E0FC29222FEDBFB00927B47 /* Utils */ = {
			isa = PBXGroup;
			children = (
				0E0FC2A822FEF6BE00927B47 /* EnvManager.swift */,
				0E0BB090231115760088B255 /* CacheManager.swift */,
			);
			path = Utils;
			sourceTree = "<group>";
		};
		0E0FC29322FEDC0C00927B47 /* Consts */ = {
			isa = PBXGroup;
			children = (
				0E0FC29622FEDCC700927B47 /* URLs.swift */,
				0E0FC29822FEDD9000927B47 /* Const.swift */,
				0E0FC29A22FEDDFE00927B47 /* Party3.swift */,
			);
			path = Consts;
			sourceTree = "<group>";
		};
		0E0FC29422FEDC3800927B47 /* NetWork */ = {
			isa = PBXGroup;
			children = (
				0E0FC2A622FEF65200927B47 /* SessionManager.swift */,
			);
			path = NetWork;
			sourceTree = "<group>";
		};
		0E0FC29522FEDC5000927B47 /* Extensions */ = {
			isa = PBXGroup;
			children = (
				0E06D0F0231CBCCE00C215C2 /* Circle */,
				0E0FC29C22FEDE8600927B47 /* String.swift */,
				0E0FC29E22FEE05E00927B47 /* UIColor.swift */,
				0E0FC2A022FEE24C00927B47 /* UIStoryboard.swift */,
				0E0FC2A222FEE32800927B47 /* UITableView.swift */,
				0E0FC2A422FEF5AC00927B47 /* UIView+Nib.swift */,
				0E0761E422FFCD3C00690313 /* UIView+MBProgressHUD.swift */,
				0E0761E622FFCEAF00690313 /* MBProgressHUD.swift */,
				0E0BB09223111D970088B255 /* NSObject+Runtime.swift */,
				0E0761E822FFD36D00690313 /* BaseMappable.swift */,
				0E06741E231B756F00E92C74 /* Notification.swift */,
			);
			path = Extensions;
			sourceTree = "<group>";
		};
		0E0FC2AC22FEF97500927B47 /* Base */ = {
			isa = PBXGroup;
			children = (
				0E0761E122FFBE5300690313 /* Models */,
				0E0FC27F22FEDB6600927B47 /* ViewController.swift */,
				0E0FC2AD22FEFA0200927B47 /* TabBarController.swift */,
				0E0FC2AF22FEFA2F00927B47 /* NavigationController.swift */,
			);
			path = Base;
			sourceTree = "<group>";
		};
		0E0FC2B122FEFA9200927B47 /* Home */ = {
			isa = PBXGroup;
			children = (
				0E0FC2B622FEFABA00927B47 /* ViewModel */,
				0E0FC2B522FEFAB200927B47 /* Model */,
				0E0FC2B422FEFAAD00927B47 /* View */,
				0E0FC2B322FEFAA300927B47 /* Controller */,
			);
			path = Home;
			sourceTree = "<group>";
		};
		0E0FC2B322FEFAA300927B47 /* Controller */ = {
			isa = PBXGroup;
			children = (
				0E0FC2B722FEFACA00927B47 /* HomeViewController.swift */,
			);
			path = Controller;
			sourceTree = "<group>";
		};
		0E0FC2B422FEFAAD00927B47 /* View */ = {
			isa = PBXGroup;
			children = (
				0E0FC2B922FEFAD700927B47 /* HomeView.swift */,
			);
			path = View;
			sourceTree = "<group>";
		};
		0E0FC2B522FEFAB200927B47 /* Model */ = {
			isa = PBXGroup;
			children = (
				0E0FC2BB22FEFAE700927B47 /* HomeModel.swift */,
			);
			path = Model;
			sourceTree = "<group>";
		};
		0E0FC2B622FEFABA00927B47 /* ViewModel */ = {
			isa = PBXGroup;
			children = (
				0E0FC2BD22FEFAF700927B47 /* HomeViewModel.swift */,
			);
			path = ViewModel;
			sourceTree = "<group>";
		};
		0E0FC2BF22FEFB8D00927B47 /* ThirdParty */ = {
			isa = PBXGroup;
			children = (
			);
			path = ThirdParty;
			sourceTree = "<group>";
		};
		16DCDD6BAAC405DE8EF62CB1 /* Pods */ = {
			isa = PBXGroup;
			children = (
				AF6EB483A0C294CB40EDA982 /* Pods-FrameworkApp.debug.xcconfig */,
				5B0A98C0DD9B65B129DAFA61 /* Pods-FrameworkApp.release.xcconfig */,
			);
			name = Pods;
			sourceTree = "<group>";
		};
		C96B065AC3C4B1111E175B44 /* Frameworks */ = {
			isa = PBXGroup;
			children = (
				DB1A5A87684D4DEFA5AE75B7 /* Pods_FrameworkApp.framework */,
			);
			name = Frameworks;
			sourceTree = "<group>";
		};
/* End PBXGroup section */

/* Begin PBXNativeTarget section */
		0E0FC27922FEDB6600927B47 /* FrameworkApp */ = {
			isa = PBXNativeTarget;
			buildConfigurationList = 0E0FC28C22FEDB6D00927B47 /* Build configuration list for PBXNativeTarget "FrameworkApp" */;
			buildPhases = (
				1B98F9767FC8682D94E79805 /* [CP] Check Pods Manifest.lock */,
				0E0FC27622FEDB6600927B47 /* Sources */,
				0E0FC27722FEDB6600927B47 /* Frameworks */,
				0E0FC27822FEDB6600927B47 /* Resources */,
				933F14F04521996C950A12BE /* [CP] Embed Pods Frameworks */,
			);
			buildRules = (
			);
			dependencies = (
			);
			name = FrameworkApp;
			productName = FrameworkApp;
			productReference = 0E0FC27A22FEDB6600927B47 /* FrameworkApp.app */;
			productType = "com.apple.product-type.application";
		};
/* End PBXNativeTarget section */

/* Begin PBXProject section */
		0E0FC27222FEDB6600927B47 /* Project object */ = {
			isa = PBXProject;
			attributes = {
				LastSwiftUpdateCheck = 1020;
				LastUpgradeCheck = 1020;
				ORGANIZATIONNAME = "yu qin";
				TargetAttributes = {
					0E0FC27922FEDB6600927B47 = {
						CreatedOnToolsVersion = 10.2.1;
					};
				};
			};
			buildConfigurationList = 0E0FC27522FEDB6600927B47 /* Build configuration list for PBXProject "FrameworkApp" */;
			compatibilityVersion = "Xcode 9.3";
			developmentRegion = en;
			hasScannedForEncodings = 0;
			knownRegions = (
				en,
				Base,
			);
			mainGroup = 0E0FC27122FEDB6600927B47;
			productRefGroup = 0E0FC27B22FEDB6600927B47 /* Products */;
			projectDirPath = "";
			projectRoot = "";
			targets = (
				0E0FC27922FEDB6600927B47 /* FrameworkApp */,
			);
		};
/* End PBXProject section */

/* Begin PBXResourcesBuildPhase section */
		0E0FC27822FEDB6600927B47 /* Resources */ = {
			isa = PBXResourcesBuildPhase;
			buildActionMask = 2147483647;
			files = (
				0E0FC28822FEDB6D00927B47 /* LaunchScreen.storyboard in Resources */,
				0E0FC28522FEDB6D00927B47 /* Assets.xcassets in Resources */,
				0E0FC28322FEDB6600927B47 /* Main.storyboard in Resources */,
			);
			runOnlyForDeploymentPostprocessing = 0;
		};
/* End PBXResourcesBuildPhase section */

/* Begin PBXShellScriptBuildPhase section */
		1B98F9767FC8682D94E79805 /* [CP] Check Pods Manifest.lock */ = {
			isa = PBXShellScriptBuildPhase;
			buildActionMask = 2147483647;
			files = (
			);
			inputPaths = (
				"${PODS_PODFILE_DIR_PATH}/Podfile.lock",
				"${PODS_ROOT}/Manifest.lock",
			);
			name = "[CP] Check Pods Manifest.lock";
			outputPaths = (
				"$(DERIVED_FILE_DIR)/Pods-FrameworkApp-checkManifestLockResult.txt",
			);
			runOnlyForDeploymentPostprocessing = 0;
			shellPath = /bin/sh;
			shellScript = "diff \"${PODS_PODFILE_DIR_PATH}/Podfile.lock\" \"${PODS_ROOT}/Manifest.lock\" > /dev/null\nif [ $? != 0 ] ; then\n    # print error to STDERR\n    echo \"error: The sandbox is not in sync with the Podfile.lock. Run 'pod install' or update your CocoaPods installation.\" >&2\n    exit 1\nfi\n# This output is used by Xcode 'outputs' to avoid re-running this script phase.\necho \"SUCCESS\" > \"${SCRIPT_OUTPUT_FILE_0}\"\n";
			showEnvVarsInLog = 0;
		};
		933F14F04521996C950A12BE /* [CP] Embed Pods Frameworks */ = {
			isa = PBXShellScriptBuildPhase;
			buildActionMask = 2147483647;
			files = (
			);
			inputPaths = (
				"${SRCROOT}/Pods/Target Support Files/Pods-FrameworkApp/Pods-FrameworkApp-frameworks.sh",
				"${BUILT_PRODUCTS_DIR}/Alamofire/Alamofire.framework",
				"${BUILT_PRODUCTS_DIR}/MBProgressHUD/MBProgressHUD.framework",
				"${BUILT_PRODUCTS_DIR}/ObjectMapper/ObjectMapper.framework",
				"${BUILT_PRODUCTS_DIR}/RxCocoa/RxCocoa.framework",
				"${BUILT_PRODUCTS_DIR}/RxRelay/RxRelay.framework",
				"${BUILT_PRODUCTS_DIR}/RxSwift/RxSwift.framework",
			);
			name = "[CP] Embed Pods Frameworks";
			outputPaths = (
				"${TARGET_BUILD_DIR}/${FRAMEWORKS_FOLDER_PATH}/Alamofire.framework",
				"${TARGET_BUILD_DIR}/${FRAMEWORKS_FOLDER_PATH}/MBProgressHUD.framework",
				"${TARGET_BUILD_DIR}/${FRAMEWORKS_FOLDER_PATH}/ObjectMapper.framework",
				"${TARGET_BUILD_DIR}/${FRAMEWORKS_FOLDER_PATH}/RxCocoa.framework",
				"${TARGET_BUILD_DIR}/${FRAMEWORKS_FOLDER_PATH}/RxRelay.framework",
				"${TARGET_BUILD_DIR}/${FRAMEWORKS_FOLDER_PATH}/RxSwift.framework",
			);
			runOnlyForDeploymentPostprocessing = 0;
			shellPath = /bin/sh;
			shellScript = "\"${SRCROOT}/Pods/Target Support Files/Pods-FrameworkApp/Pods-FrameworkApp-frameworks.sh\"\n";
			showEnvVarsInLog = 0;
		};
/* End PBXShellScriptBuildPhase section */

/* Begin PBXSourcesBuildPhase section */
		0E0FC27622FEDB6600927B47 /* Sources */ = {
			isa = PBXSourcesBuildPhase;
			buildActionMask = 2147483647;
			files = (
				0E06D0FC231CBCCE00C215C2 /* CircleTextField.swift in Sources */,
				0E0FC2BE22FEFAF700927B47 /* HomeViewModel.swift in Sources */,
				0E0FC29F22FEE05E00927B47 /* UIColor.swift in Sources */,
				0E0FC29D22FEDE8600927B47 /* String.swift in Sources */,
				0E0BB09323111D970088B255 /* NSObject+Runtime.swift in Sources */,
				0E0FC2BC22FEFAE700927B47 /* HomeModel.swift in Sources */,
				0E0BB091231115760088B255 /* CacheManager.swift in Sources */,
				0E06D0FB231CBCCE00C215C2 /* PaddingLabel.swift in Sources */,
				0E06D0F9231CBCCE00C215C2 /* CircleLabel.swift in Sources */,
				0E0FC29922FEDD9000927B47 /* Const.swift in Sources */,
				0E0FC2A922FEF6BE00927B47 /* EnvManager.swift in Sources */,
				0E0FC28022FEDB6600927B47 /* ViewController.swift in Sources */,
				0E0761E722FFCEAF00690313 /* MBProgressHUD.swift in Sources */,
				0E0FC2BA22FEFAD700927B47 /* HomeView.swift in Sources */,
				0E0FC2A122FEE24C00927B47 /* UIStoryboard.swift in Sources */,
				0E0761E922FFD36D00690313 /* BaseMappable.swift in Sources */,
				0E0FC2AB22FEF88D00927B47 /* AppDelegate+PushService.swift in Sources */,
				0E0FC2B022FEFA2F00927B47 /* NavigationController.swift in Sources */,
				0E0FC2A322FEE32800927B47 /* UITableView.swift in Sources */,
				0E0FC29722FEDCC700927B47 /* URLs.swift in Sources */,
				0E0FC27E22FEDB6600927B47 /* AppDelegate.swift in Sources */,
				0E0761E522FFCD3C00690313 /* UIView+MBProgressHUD.swift in Sources */,
				0E06D0FE231CBCCE00C215C2 /* CircleImageView.swift in Sources */,
				0E06D0FA231CBCCE00C215C2 /* CircleButton.swift in Sources */,
				0E0761E322FFBE7000690313 /* BaseModel.swift in Sources */,
				0E06D0FD231CBCCE00C215C2 /* CircleView.swift in Sources */,
				0E06741F231B756F00E92C74 /* Notification.swift in Sources */,
				0E0FC2B822FEFACA00927B47 /* HomeViewController.swift in Sources */,
				0E0FC2A522FEF5AC00927B47 /* UIView+Nib.swift in Sources */,
				0E0FC2AE22FEFA0300927B47 /* TabBarController.swift in Sources */,
				0E0FC29B22FEDDFE00927B47 /* Party3.swift in Sources */,
				0E06D0F8231CBCCE00C215C2 /* BezierButton.swift in Sources */,
				0E0FC2A722FEF65200927B47 /* SessionManager.swift in Sources */,
			);
			runOnlyForDeploymentPostprocessing = 0;
		};
/* End PBXSourcesBuildPhase section */

/* Begin PBXVariantGroup section */
		0E0FC28122FEDB6600927B47 /* Main.storyboard */ = {
			isa = PBXVariantGroup;
			children = (
				0E0FC28222FEDB6600927B47 /* Base */,
			);
			name = Main.storyboard;
			sourceTree = "<group>";
		};
		0E0FC28622FEDB6D00927B47 /* LaunchScreen.storyboard */ = {
			isa = PBXVariantGroup;
			children = (
				0E0FC28722FEDB6D00927B47 /* Base */,
			);
			name = LaunchScreen.storyboard;
			sourceTree = "<group>";
		};
/* End PBXVariantGroup section */

/* Begin XCBuildConfiguration section */
		0E0FC28A22FEDB6D00927B47 /* Debug */ = {
			isa = XCBuildConfiguration;
			buildSettings = {
				ALWAYS_SEARCH_USER_PATHS = NO;
				CLANG_ANALYZER_NONNULL = YES;
				CLANG_ANALYZER_NUMBER_OBJECT_CONVERSION = YES_AGGRESSIVE;
				CLANG_CXX_LANGUAGE_STANDARD = "gnu++14";
				CLANG_CXX_LIBRARY = "libc++";
				CLANG_ENABLE_MODULES = YES;
				CLANG_ENABLE_OBJC_ARC = YES;
				CLANG_ENABLE_OBJC_WEAK = YES;
				CLANG_WARN_BLOCK_CAPTURE_AUTORELEASING = YES;
				CLANG_WARN_BOOL_CONVERSION = YES;
				CLANG_WARN_COMMA = YES;
				CLANG_WARN_CONSTANT_CONVERSION = YES;
				CLANG_WARN_DEPRECATED_OBJC_IMPLEMENTATIONS = YES;
				CLANG_WARN_DIRECT_OBJC_ISA_USAGE = YES_ERROR;
				CLANG_WARN_DOCUMENTATION_COMMENTS = YES;
				CLANG_WARN_EMPTY_BODY = YES;
				CLANG_WARN_ENUM_CONVERSION = YES;
				CLANG_WARN_INFINITE_RECURSION = YES;
				CLANG_WARN_INT_CONVERSION = YES;
				CLANG_WARN_NON_LITERAL_NULL_CONVERSION = YES;
				CLANG_WARN_OBJC_IMPLICIT_RETAIN_SELF = YES;
				CLANG_WARN_OBJC_LITERAL_CONVERSION = YES;
				CLANG_WARN_OBJC_ROOT_CLASS = YES_ERROR;
				CLANG_WARN_RANGE_LOOP_ANALYSIS = YES;
				CLANG_WARN_STRICT_PROTOTYPES = YES;
				CLANG_WARN_SUSPICIOUS_MOVE = YES;
				CLANG_WARN_UNGUARDED_AVAILABILITY = YES_AGGRESSIVE;
				CLANG_WARN_UNREACHABLE_CODE = YES;
				CLANG_WARN__DUPLICATE_METHOD_MATCH = YES;
				CODE_SIGN_IDENTITY = "iPhone Developer";
				COPY_PHASE_STRIP = NO;
				DEBUG_INFORMATION_FORMAT = dwarf;
				ENABLE_STRICT_OBJC_MSGSEND = YES;
				ENABLE_TESTABILITY = YES;
				GCC_C_LANGUAGE_STANDARD = gnu11;
				GCC_DYNAMIC_NO_PIC = NO;
				GCC_NO_COMMON_BLOCKS = YES;
				GCC_OPTIMIZATION_LEVEL = 0;
				GCC_PREPROCESSOR_DEFINITIONS = (
					"DEBUG=1",
					"$(inherited)",
				);
				GCC_WARN_64_TO_32_BIT_CONVERSION = YES;
				GCC_WARN_ABOUT_RETURN_TYPE = YES_ERROR;
				GCC_WARN_UNDECLARED_SELECTOR = YES;
				GCC_WARN_UNINITIALIZED_AUTOS = YES_AGGRESSIVE;
				GCC_WARN_UNUSED_FUNCTION = YES;
				GCC_WARN_UNUSED_VARIABLE = YES;
				IPHONEOS_DEPLOYMENT_TARGET = 12.2;
				MTL_ENABLE_DEBUG_INFO = INCLUDE_SOURCE;
				MTL_FAST_MATH = YES;
				ONLY_ACTIVE_ARCH = YES;
				SDKROOT = iphoneos;
				SWIFT_ACTIVE_COMPILATION_CONDITIONS = DEBUG;
				SWIFT_OPTIMIZATION_LEVEL = "-Onone";
			};
			name = Debug;
		};
		0E0FC28B22FEDB6D00927B47 /* Release */ = {
			isa = XCBuildConfiguration;
			buildSettings = {
				ALWAYS_SEARCH_USER_PATHS = NO;
				CLANG_ANALYZER_NONNULL = YES;
				CLANG_ANALYZER_NUMBER_OBJECT_CONVERSION = YES_AGGRESSIVE;
				CLANG_CXX_LANGUAGE_STANDARD = "gnu++14";
				CLANG_CXX_LIBRARY = "libc++";
				CLANG_ENABLE_MODULES = YES;
				CLANG_ENABLE_OBJC_ARC = YES;
				CLANG_ENABLE_OBJC_WEAK = YES;
				CLANG_WARN_BLOCK_CAPTURE_AUTORELEASING = YES;
				CLANG_WARN_BOOL_CONVERSION = YES;
				CLANG_WARN_COMMA = YES;
				CLANG_WARN_CONSTANT_CONVERSION = YES;
				CLANG_WARN_DEPRECATED_OBJC_IMPLEMENTATIONS = YES;
				CLANG_WARN_DIRECT_OBJC_ISA_USAGE = YES_ERROR;
				CLANG_WARN_DOCUMENTATION_COMMENTS = YES;
				CLANG_WARN_EMPTY_BODY = YES;
				CLANG_WARN_ENUM_CONVERSION = YES;
				CLANG_WARN_INFINITE_RECURSION = YES;
				CLANG_WARN_INT_CONVERSION = YES;
				CLANG_WARN_NON_LITERAL_NULL_CONVERSION = YES;
				CLANG_WARN_OBJC_IMPLICIT_RETAIN_SELF = YES;
				CLANG_WARN_OBJC_LITERAL_CONVERSION = YES;
				CLANG_WARN_OBJC_ROOT_CLASS = YES_ERROR;
				CLANG_WARN_RANGE_LOOP_ANALYSIS = YES;
				CLANG_WARN_STRICT_PROTOTYPES = YES;
				CLANG_WARN_SUSPICIOUS_MOVE = YES;
				CLANG_WARN_UNGUARDED_AVAILABILITY = YES_AGGRESSIVE;
				CLANG_WARN_UNREACHABLE_CODE = YES;
				CLANG_WARN__DUPLICATE_METHOD_MATCH = YES;
				CODE_SIGN_IDENTITY = "iPhone Developer";
				COPY_PHASE_STRIP = NO;
				DEBUG_INFORMATION_FORMAT = "dwarf-with-dsym";
				ENABLE_NS_ASSERTIONS = NO;
				ENABLE_STRICT_OBJC_MSGSEND = YES;
				GCC_C_LANGUAGE_STANDARD = gnu11;
				GCC_NO_COMMON_BLOCKS = YES;
				GCC_WARN_64_TO_32_BIT_CONVERSION = YES;
				GCC_WARN_ABOUT_RETURN_TYPE = YES_ERROR;
				GCC_WARN_UNDECLARED_SELECTOR = YES;
				GCC_WARN_UNINITIALIZED_AUTOS = YES_AGGRESSIVE;
				GCC_WARN_UNUSED_FUNCTION = YES;
				GCC_WARN_UNUSED_VARIABLE = YES;
				IPHONEOS_DEPLOYMENT_TARGET = 12.2;
				MTL_ENABLE_DEBUG_INFO = NO;
				MTL_FAST_MATH = YES;
				SDKROOT = iphoneos;
				SWIFT_COMPILATION_MODE = wholemodule;
				SWIFT_OPTIMIZATION_LEVEL = "-O";
				VALIDATE_PRODUCT = YES;
			};
			name = Release;
		};
		0E0FC28D22FEDB6D00927B47 /* Debug */ = {
			isa = XCBuildConfiguration;
			baseConfigurationReference = AF6EB483A0C294CB40EDA982 /* Pods-FrameworkApp.debug.xcconfig */;
			buildSettings = {
				ASSETCATALOG_COMPILER_APPICON_NAME = AppIcon;
				CODE_SIGN_STYLE = Automatic;
				DEVELOPMENT_TEAM = JFTBV5FD6X;
				INFOPLIST_FILE = "$(SRCROOT)/FrameworkApp/Support/Info.plist";
				LD_RUNPATH_SEARCH_PATHS = (
					"$(inherited)",
					"@executable_path/Frameworks",
				);
				PRODUCT_BUNDLE_IDENTIFIER = com.FrameworkApp;
				PRODUCT_NAME = "$(TARGET_NAME)";
				SWIFT_VERSION = 5.0;
				TARGETED_DEVICE_FAMILY = "1,2";
			};
			name = Debug;
		};
		0E0FC28E22FEDB6D00927B47 /* Release */ = {
			isa = XCBuildConfiguration;
			baseConfigurationReference = 5B0A98C0DD9B65B129DAFA61 /* Pods-FrameworkApp.release.xcconfig */;
			buildSettings = {
				ASSETCATALOG_COMPILER_APPICON_NAME = AppIcon;
				CODE_SIGN_STYLE = Automatic;
				DEVELOPMENT_TEAM = JFTBV5FD6X;
				INFOPLIST_FILE = "$(SRCROOT)/FrameworkApp/Support/Info.plist";
				LD_RUNPATH_SEARCH_PATHS = (
					"$(inherited)",
					"@executable_path/Frameworks",
				);
				PRODUCT_BUNDLE_IDENTIFIER = com.FrameworkApp;
				PRODUCT_NAME = "$(TARGET_NAME)";
				SWIFT_VERSION = 5.0;
				TARGETED_DEVICE_FAMILY = "1,2";
			};
			name = Release;
		};
/* End XCBuildConfiguration section */

/* Begin XCConfigurationList section */
		0E0FC27522FEDB6600927B47 /* Build configuration list for PBXProject "FrameworkApp" */ = {
			isa = XCConfigurationList;
			buildConfigurations = (
				0E0FC28A22FEDB6D00927B47 /* Debug */,
				0E0FC28B22FEDB6D00927B47 /* Release */,
			);
			defaultConfigurationIsVisible = 0;
			defaultConfigurationName = Release;
		};
		0E0FC28C22FEDB6D00927B47 /* Build configuration list for PBXNativeTarget "FrameworkApp" */ = {
			isa = XCConfigurationList;
			buildConfigurations = (
				0E0FC28D22FEDB6D00927B47 /* Debug */,
				0E0FC28E22FEDB6D00927B47 /* Release */,
			);
			defaultConfigurationIsVisible = 0;
			defaultConfigurationName = Release;
		};
/* End XCConfigurationList section */
	};
	rootObject = 0E0FC27222FEDB6600927B47 /* Project object */;
}
